# This file is autogenerated, do not edit; changes may be undone by the next 'dep ensure'.


[[projects]]
  name = "github.com/NYTimes/gziphandler"
  packages = ["."]
  revision = "6710af535839f57c687b62c4c23d649f9545d885"

[[projects]]
  name = "github.com/Sirupsen/logrus"
  packages = ["."]
  revision = "3ec0642a7fb6488f65b06f9040adc67e3990296a"

[[projects]]
  branch = "master"
  name = "github.com/beorn7/perks"
  packages = ["quantile"]
  revision = "3a771d992973f24aa725d07868b467d1ddfceafb"

[[projects]]
  name = "github.com/boltdb/bolt"
  packages = ["."]
  revision = "5cc10bbbc5c141029940133bb33c9e969512a698"

[[projects]]
  name = "github.com/bouk/httprouter"
  packages = ["."]
  revision = "ee8b3818a7f51fbc94cc709b5744b52c2c725e91"

[[projects]]
  name = "github.com/dgrijalva/jwt-go"
  packages = ["."]
  revision = "24c63f56522a87ec5339cc3567883f1039378fdb"

[[projects]]
  branch = "master"
  name = "github.com/dustin/go-humanize"
  packages = ["."]
  revision = "bb3d318650d48840a39aa21a027c6630e198e626"

[[projects]]
  name = "github.com/elazarl/go-bindata-assetfs"
  packages = ["."]
  revision = "9a6736ed45b44bf3835afeebb3034b57ed329f3e"

[[projects]]
  name = "github.com/gogo/protobuf"
  packages = [
    "codec",
    "gogoproto",
    "jsonpb",
    "plugin/compare",
    "plugin/defaultcheck",
    "plugin/description",
    "plugin/embedcheck",
    "plugin/enumstringer",
    "plugin/equal",
    "plugin/face",
    "plugin/gostring",
    "plugin/marshalto",
    "plugin/oneofcheck",
    "plugin/populate",
    "plugin/size",
    "plugin/stringer",
    "plugin/testgen",
    "plugin/union",
    "plugin/unmarshal",
    "proto",
    "protoc-gen-gogo",
    "protoc-gen-gogo/descriptor",
    "protoc-gen-gogo/generator",
    "protoc-gen-gogo/grpc",
    "protoc-gen-gogo/plugin",
    "sortkeys",
    "types",
    "vanity",
    "vanity/command"
  ]
  revision = "49944b4a4b085da44c43d4b233ea40787396371f"

[[projects]]
  name = "github.com/golang/protobuf"
  packages = ["proto"]
  revision = "925541529c1fa6821df4e44ce2723319eb2be768"
  version = "v1.0.0"

[[projects]]
  name = "github.com/google/go-cmp"
  packages = [
    "cmp",
    "cmp/cmpopts",
    "cmp/internal/diff",
    "cmp/internal/function",
    "cmp/internal/value"
  ]
  revision = "8099a9787ce5dc5984ed879a3bda47dc730a8e97"
  version = "v0.1.0"

[[projects]]
  name = "github.com/google/go-github"
  packages = ["github"]
  revision = "1bc362c7737e51014af7299e016444b654095ad9"

[[projects]]
  branch = "master"
  name = "github.com/google/go-querystring"
  packages = ["query"]
  revision = "53e6ce116135b80d037921a7fdd5138cf32d7a8a"

[[projects]]
  name = "github.com/influxdata/ifql"
  packages = [
    ".",
    "ast",
    "compiler",
    "complete",
    "functions",
    "interpreter",
    "parser",
    "query",
    "query/control",
    "query/execute",
    "query/execute/storage",
    "query/plan",
    "semantic"
  ]
  revision = "9445c4494d4421db2ab1aaaf6f4069446f11752e"

[[projects]]
  name = "github.com/influxdata/influxdb"
  packages = [
    "influxql",
    "influxql/internal",
    "influxql/neldermead",
    "models",
    "pkg/escape"
  ]
  revision = "cd9363b52cac452113b95554d98a6be51beda24e"
  version = "v1.1.5"

[[projects]]
  name = "github.com/influxdata/kapacitor"
  packages = [
    "client/v1",
    "pipeline",
    "pipeline/tick",
    "services/k8s/client",
    "tick",
    "tick/ast",
    "tick/stateful",
    "udf/agent"
  ]
  revision = "18e4ce743b7953f5601c021d7595892a2c7e0a66"

[[projects]]
  branch = "master"
  name = "github.com/influxdata/tdigest"
  packages = ["."]
  revision = "617b83f940fd9acd207f712561a8a0590277fb38"

[[projects]]
  name = "github.com/influxdata/usage-client"
  packages = ["v1"]
  revision = "6d3895376368aa52a3a81d2a16e90f0f52371967"

[[projects]]
  branch = "master"
  name = "github.com/influxdata/yamux"
  packages = ["."]
  revision = "1f58ded512de5feabbe30b60c7d33a7a896c5f16"

[[projects]]
  branch = "master"
  name = "github.com/influxdata/yarpc"
  packages = [
    ".",
    "codes",
    "status",
    "yarpcproto"
  ]
  revision = "f0da2db138cad2fb425541938fc28dd5a5bc6918"

[[projects]]
  name = "github.com/jessevdk/go-flags"
  packages = ["."]
  revision = "4cc2832a6e6d1d3b815e2b9d544b2a4dfb3ce8fa"

[[projects]]
  name = "github.com/kevinburke/go-bindata"
  packages = ["."]
  revision = "46eb4c183bfc1ebb527d9d19bcded39476302eb8"

[[projects]]
  name = "github.com/matttproud/golang_protobuf_extensions"
  packages = ["pbutil"]
  revision = "3247c84500bff8d9fb6d579d800f20b3e091582c"
  version = "v1.0.0"

[[projects]]
  name = "github.com/opentracing/opentracing-go"
  packages = [
    ".",
    "log"
  ]
  revision = "1949ddbfd147afd4d964a9f00b24eb291e0e7c38"
  version = "v1.0.2"

[[projects]]
  name = "github.com/pkg/errors"
  packages = ["."]
  revision = "645ef00459ed84a119197bfb8d8205042c6df63d"
  version = "v0.8.0"

[[projects]]
  name = "github.com/prometheus/client_golang"
  packages = ["prometheus"]
  revision = "c5b7fccd204277076155f10851dad72b76a49317"
  version = "v0.8.0"

[[projects]]
  branch = "master"
  name = "github.com/prometheus/client_model"
  packages = ["go"]
  revision = "99fa1f4be8e564e8a6b613da7fa6f46c9edafc6c"

[[projects]]
  branch = "master"
  name = "github.com/prometheus/common"
  packages = [
    "expfmt",
    "internal/bitbucket.org/ww/goautoneg",
    "model"
  ]
  revision = "e4aa40a9169a88835b849a6efb71e05dc04b88f0"

[[projects]]
  branch = "master"
  name = "github.com/prometheus/procfs"
  packages = [
    ".",
    "internal/util",
    "nfs",
    "xfs"
  ]
  revision = "780932d4fbbe0e69b84c34c20f5c8d0981e109ea"

[[projects]]
  name = "github.com/satori/go.uuid"
  packages = ["."]
  revision = "b061729afc07e77a8aa4fad0a2fd840958f1942a"

[[projects]]
  name = "github.com/sergi/go-diff"
  packages = ["diffmatchpatch"]
  revision = "1d28411638c1e67fe1930830df207bef72496ae9"

[[projects]]
  name = "github.com/tylerb/graceful"
  packages = ["."]
  revision = "4654dfbb6ad53cb5e27f37d99b02e16c1872fbbb"
  version = "v1.2.15"

[[projects]]
  name = "golang.org/x/net"
  packages = [
    "context",
    "context/ctxhttp"
  ]
  revision = "749a502dd1eaf3e5bfd4f8956748c502357c0bbe"

[[projects]]
  name = "golang.org/x/oauth2"
  packages = [
    ".",
    "github",
    "heroku",
    "internal"
  ]
  revision = "2f32c3ac0fa4fb807a0fcefb0b6f2468a0d99bd0"

[[projects]]
  branch = "master"
  name = "golang.org/x/sys"
  packages = ["unix"]
  revision = "37707fdb30a5b38865cfb95e5aab41707daec7fd"

[[projects]]
  name = "google.golang.org/api"
  packages = [
    "gensupport",
    "googleapi",
    "googleapi/internal/uritemplates",
    "oauth2/v2"
  ]
  revision = "bc20c61134e1d25265dd60049f5735381e79b631"

[[projects]]
  name = "google.golang.org/appengine"
  packages = [
    "internal",
    "internal/base",
    "internal/datastore",
    "internal/log",
    "internal/remote_api",
    "internal/urlfetch",
    "urlfetch"
  ]
  revision = "150dc57a1b433e64154302bdc40b6bb8aefa313a"
  version = "v1.0.0"

[solve-meta]
  analyzer-name = "dep"
  analyzer-version = 1
  inputs-digest = "beca8b46a61ac4906ba34523eb20bc1c8098d613114501237fe076f6431aac85"
  solver-name = "gps-cdcl"
  solver-version = 1
