# THIS IS AN AUTOGENERATED FILE. DO NOT EDIT THIS FILE DIRECTLY.
# yarn lockfile v1


"@types/redux-thunk@^2.1.0":
  version "2.1.0"
  resolved "https://registry.yarnpkg.com/@types/redux-thunk/-/redux-thunk-2.1.0.tgz#bc2b6e972961831afb82a9bf4f06726e351f9416"
  integrity sha1-vCtulylhgxr7gqm/TwZybjUflBY=
  dependencies:
    redux-thunk "*"

redux-thunk@*:
  version "2.3.0"
  resolved "https://registry.yarnpkg.com/redux-thunk/-/redux-thunk-2.3.0.tgz#51c2c19a185ed5187aaa9a2d08b666d0d6467622"
  integrity sha512-km6dclyFnmcvxhAcrQV2AkZmPQjzPDjgVlQtR0EQjxZPyJ0BnMf3in1ryuR8A2qU0HldVRfxYXbFSKlI3N7Slw==
